
Microsoft Visual Studio Solution File, Format Version 12.00
# Visual Studio Version 16
VisualStudioVersion = 16.0.30523.141
MinimumVisualStudioVersion = 10.0.40219.1
Project("{FAE04EC0-301F-11D3-BF4B-00C04F79EFBC}") = "Offer58.翻转单次顺序", "Offer58.翻转单次顺序\Offer58.翻转单次顺序.csproj", "{AD8024AB-8F91-4E00-90C6-960FBB610E34}"
EndProject
Global
	GlobalSection(SolutionConfigurationPlatforms) = preSolution
		Debug|Any CPU = Debug|Any CPU
		Release|Any CPU = Release|Any CPU
	EndGlobalSection
	GlobalSection(ProjectConfigurationPlatforms) = postSolution
		{AD8024AB-8F91-4E00-90C6-960FBB610E34}.Debug|Any CPU.ActiveCfg = Debug|Any CPU
		{AD8024AB-8F91-4E00-90C6-960FBB610E34}.Debug|Any CPU.Build.0 = Debug|Any CPU
		{AD8024AB-8F91-4E00-90C6-960FBB610E34}.Release|Any CPU.ActiveCfg = Release|Any CPU
		{AD8024AB-8F91-4E00-90C6-960FBB610E34}.Release|Any CPU.Build.0 = Release|Any CPU
	EndGlobalSection
	GlobalSection(SolutionProperties) = preSolution
		HideSolutionNode = FALSE
	EndGlobalSection
	GlobalSection(ExtensibilityGlobals) = postSolution
		SolutionGuid = {D12B078C-D10F-4DA1-87B7-A57802D12C59}
	EndGlobalSection
EndGlobal
