
Microsoft Visual Studio Solution File, Format Version 12.00
# Visual Studio Version 16
VisualStudioVersion = 16.0.30523.141
MinimumVisualStudioVersion = 10.0.40219.1
Project("{FAE04EC0-301F-11D3-BF4B-00C04F79EFBC}") = "Offer21.奇数在前偶数在后", "Offer21.奇数在前偶数在后\Offer21.奇数在前偶数在后.csproj", "{90200336-3B7A-4269-A762-F76425A40DEB}"
EndProject
Global
	GlobalSection(SolutionConfigurationPlatforms) = preSolution
		Debug|Any CPU = Debug|Any CPU
		Release|Any CPU = Release|Any CPU
	EndGlobalSection
	GlobalSection(ProjectConfigurationPlatforms) = postSolution
		{90200336-3B7A-4269-A762-F76425A40DEB}.Debug|Any CPU.ActiveCfg = Debug|Any CPU
		{90200336-3B7A-4269-A762-F76425A40DEB}.Debug|Any CPU.Build.0 = Debug|Any CPU
		{90200336-3B7A-4269-A762-F76425A40DEB}.Release|Any CPU.ActiveCfg = Release|Any CPU
		{90200336-3B7A-4269-A762-F76425A40DEB}.Release|Any CPU.Build.0 = Release|Any CPU
	EndGlobalSection
	GlobalSection(SolutionProperties) = preSolution
		HideSolutionNode = FALSE
	EndGlobalSection
	GlobalSection(ExtensibilityGlobals) = postSolution
		SolutionGuid = {7F587AB0-7F54-4542-B818-C3FD303B7604}
	EndGlobalSection
EndGlobal
